
Microsoft Visual Studio Solution File, Format Version 12.00
# Visual Studio Version 17
VisualStudioVersion = 17.13.35731.43
MinimumVisualStudioVersion = 10.0.40219.1
Project("{FAE04EC0-301F-11D3-BF4B-00C04F79EFBC}") = "FenrisWebsite", "FenrisWebsite\FenrisWebsite.csproj", "{EF6A4867-99A7-4972-B594-AE1EB850AB94}"
EndProject
Project("{FAE04EC0-301F-11D3-BF4B-00C04F79EFBC}") = "WindowsMonitorService", "WindowsMonitorService\WindowsMonitorService.csproj", "{7D946FFB-3D88-2DD5-3DB3-AB64DF337C14}"
EndProject
Project("{FAE04EC0-301F-11D3-BF4B-00C04F79EFBC}") = "FenrisUI", "FenrisUI\FenrisUI.csproj", "{15C8D625-3D03-8B39-F63D-A9601013F5BD}"
EndProject
Project("{FAE04EC0-301F-11D3-BF4B-00C04F79EFBC}") = "Fenris", "Fenris\Fenris.csproj", "{D1057952-998E-3DA3-857C-98B1C68EACB1}"
EndProject
Global
	GlobalSection(SolutionConfigurationPlatforms) = preSolution
		Debug|Any CPU = Debug|Any CPU
		Release|Any CPU = Release|Any CPU
	EndGlobalSection
	GlobalSection(ProjectConfigurationPlatforms) = postSolution
		{EF6A4867-99A7-4972-B594-AE1EB850AB94}.Debug|Any CPU.ActiveCfg = Debug|Any CPU
		{EF6A4867-99A7-4972-B594-AE1EB850AB94}.Debug|Any CPU.Build.0 = Debug|Any CPU
		{EF6A4867-99A7-4972-B594-AE1EB850AB94}.Release|Any CPU.ActiveCfg = Release|Any CPU
		{EF6A4867-99A7-4972-B594-AE1EB850AB94}.Release|Any CPU.Build.0 = Release|Any CPU
		{7D946FFB-3D88-2DD5-3DB3-AB64DF337C14}.Debug|Any CPU.ActiveCfg = Debug|Any CPU
		{7D946FFB-3D88-2DD5-3DB3-AB64DF337C14}.Debug|Any CPU.Build.0 = Debug|Any CPU
		{7D946FFB-3D88-2DD5-3DB3-AB64DF337C14}.Release|Any CPU.ActiveCfg = Release|Any CPU
		{7D946FFB-3D88-2DD5-3DB3-AB64DF337C14}.Release|Any CPU.Build.0 = Release|Any CPU
		{15C8D625-3D03-8B39-F63D-A9601013F5BD}.Debug|Any CPU.ActiveCfg = Debug|x64
		{15C8D625-3D03-8B39-F63D-A9601013F5BD}.Debug|Any CPU.Build.0 = Debug|x64
		{15C8D625-3D03-8B39-F63D-A9601013F5BD}.Release|Any CPU.ActiveCfg = Release|x64
		{15C8D625-3D03-8B39-F63D-A9601013F5BD}.Release|Any CPU.Build.0 = Release|x64
		{D1057952-998E-3DA3-857C-98B1C68EACB1}.Debug|Any CPU.ActiveCfg = Debug|Any CPU
		{D1057952-998E-3DA3-857C-98B1C68EACB1}.Debug|Any CPU.Build.0 = Debug|Any CPU
		{D1057952-998E-3DA3-857C-98B1C68EACB1}.Release|Any CPU.ActiveCfg = Release|Any CPU
		{D1057952-998E-3DA3-857C-98B1C68EACB1}.Release|Any CPU.Build.0 = Release|Any CPU
	EndGlobalSection
	GlobalSection(SolutionProperties) = preSolution
		HideSolutionNode = FALSE
	EndGlobalSection
	GlobalSection(ExtensibilityGlobals) = postSolution
		SolutionGuid = {2F39E002-5B94-4660-8FDB-E27531CD746A}
	EndGlobalSection
EndGlobal
