
Microsoft Visual Studio Solution File, Format Version 12.00
# Visual Studio Version 17
VisualStudioVersion = 17.13.35731.43
MinimumVisualStudioVersion = 10.0.40219.1
Project("{FAE04EC0-301F-11D3-BF4B-00C04F79EFBC}") = "Fenris", "Fenris\Fenris.csproj", "{67BC93F6-ED3F-4FB3-8556-1A327F8F3B3A}"
EndProject
Project("{FAE04EC0-301F-11D3-BF4B-00C04F79EFBC}") = "FenrisUI", "FenrisUI\FenrisUI.csproj", "{710BB293-EB1D-4017-9102-BB4B57D8FF77}"
	ProjectSection(ProjectDependencies) = postProject
		{67BC93F6-ED3F-4FB3-8556-1A327F8F3B3A} = {67BC93F6-ED3F-4FB3-8556-1A327F8F3B3A}
	EndProjectSection
EndProject
Project("{FAE04EC0-301F-11D3-BF4B-00C04F79EFBC}") = "FenrisWebsite", "FenrisWebsite\FenrisWebsite.csproj", "{EF6A4867-99A7-4972-B594-AE1EB850AB94}"
EndProject
Project("{FAE04EC0-301F-11D3-BF4B-00C04F79EFBC}") = "FenrisTestApp", "FenrisTestApp\FenrisTestApp.csproj", "{7C2FF721-FB05-4562-BFFA-F003D1063A96}"
	ProjectSection(ProjectDependencies) = postProject
		{67BC93F6-ED3F-4FB3-8556-1A327F8F3B3A} = {67BC93F6-ED3F-4FB3-8556-1A327F8F3B3A}
	EndProjectSection
EndProject
Project("{FAE04EC0-301F-11D3-BF4B-00C04F79EFBC}") = "WindowsMonitorService", "WindowsMonitorService\WindowsMonitorService.csproj", "{7D946FFB-3D88-2DD5-3DB3-AB64DF337C14}"
EndProject
Global
	GlobalSection(SolutionConfigurationPlatforms) = preSolution
		Debug|Any CPU = Debug|Any CPU
		Release|Any CPU = Release|Any CPU
	EndGlobalSection
	GlobalSection(ProjectConfigurationPlatforms) = postSolution
		{67BC93F6-ED3F-4FB3-8556-1A327F8F3B3A}.Debug|Any CPU.ActiveCfg = Debug|Any CPU
		{67BC93F6-ED3F-4FB3-8556-1A327F8F3B3A}.Debug|Any CPU.Build.0 = Debug|Any CPU
		{67BC93F6-ED3F-4FB3-8556-1A327F8F3B3A}.Release|Any CPU.ActiveCfg = Release|Any CPU
		{67BC93F6-ED3F-4FB3-8556-1A327F8F3B3A}.Release|Any CPU.Build.0 = Release|Any CPU
		{710BB293-EB1D-4017-9102-BB4B57D8FF77}.Debug|Any CPU.ActiveCfg = Debug|x64
		{710BB293-EB1D-4017-9102-BB4B57D8FF77}.Debug|Any CPU.Build.0 = Debug|x64
		{710BB293-EB1D-4017-9102-BB4B57D8FF77}.Debug|Any CPU.Deploy.0 = Debug|x64
		{710BB293-EB1D-4017-9102-BB4B57D8FF77}.Release|Any CPU.ActiveCfg = Release|x64
		{710BB293-EB1D-4017-9102-BB4B57D8FF77}.Release|Any CPU.Build.0 = Release|x64
		{710BB293-EB1D-4017-9102-BB4B57D8FF77}.Release|Any CPU.Deploy.0 = Release|x64
		{EF6A4867-99A7-4972-B594-AE1EB850AB94}.Debug|Any CPU.ActiveCfg = Debug|Any CPU
		{EF6A4867-99A7-4972-B594-AE1EB850AB94}.Debug|Any CPU.Build.0 = Debug|Any CPU
		{EF6A4867-99A7-4972-B594-AE1EB850AB94}.Release|Any CPU.ActiveCfg = Release|Any CPU
		{EF6A4867-99A7-4972-B594-AE1EB850AB94}.Release|Any CPU.Build.0 = Release|Any CPU
		{7C2FF721-FB05-4562-BFFA-F003D1063A96}.Debug|Any CPU.ActiveCfg = Debug|Any CPU
		{7C2FF721-FB05-4562-BFFA-F003D1063A96}.Debug|Any CPU.Build.0 = Debug|Any CPU
		{7C2FF721-FB05-4562-BFFA-F003D1063A96}.Release|Any CPU.ActiveCfg = Release|Any CPU
		{7C2FF721-FB05-4562-BFFA-F003D1063A96}.Release|Any CPU.Build.0 = Release|Any CPU
		{7D946FFB-3D88-2DD5-3DB3-AB64DF337C14}.Debug|Any CPU.ActiveCfg = Debug|Any CPU
		{7D946FFB-3D88-2DD5-3DB3-AB64DF337C14}.Debug|Any CPU.Build.0 = Debug|Any CPU
		{7D946FFB-3D88-2DD5-3DB3-AB64DF337C14}.Release|Any CPU.ActiveCfg = Release|Any CPU
		{7D946FFB-3D88-2DD5-3DB3-AB64DF337C14}.Release|Any CPU.Build.0 = Release|Any CPU
	EndGlobalSection
	GlobalSection(SolutionProperties) = preSolution
		HideSolutionNode = FALSE
	EndGlobalSection
	GlobalSection(ExtensibilityGlobals) = postSolution
		SolutionGuid = {2F39E002-5B94-4660-8FDB-E27531CD746A}
	EndGlobalSection
EndGlobal
